{
    "_readme": [
        "This file locks the dependencies of your project to a known state",
        "Read more about it at https://getcomposer.org/doc/01-basic-usage.md#installing-dependencies",
        "This file is @generated automatically"
    ],
    "content-hash": "1e217a52c906de61a238a68c468ffefc",
    "packages": [
        {
            "name": "advanced-custom-fields/advanced-custom-fields-pro",
            "version": "5.9.5",
            "dist": {
                "type": "path",
                "url": "vendor/advanced-custom-fields",
                "reference": "025bc18069f949d27cdac67dbed86a4b70bef324"
            },
            "type": "wordpress-plugin",
            "license": [
                "GPL-2.0-or-later"
            ],
            "description": "Vendored copy of commercial distribution of ACF Pro",
            "transport-options": {
                "relative": true
            }
        }
    ],
    "packages-dev": [],
    "aliases": [],
    "minimum-stability": "stable",
    "stability-flags": [],
    "prefer-stable": false,
    "prefer-lowest": false,
    "platform": {
        "php": ">=7.1"
    },
    "platform-dev": [],
    "plugin-api-version": "2.0.0"
}
